
Microsoft Visual Studio Solution File, Format Version 12.00
# Visual Studio Version 16
VisualStudioVersion = 16.0.30225.117
MinimumVisualStudioVersion = 10.0.40219.1
Project("{FAE04EC0-301F-11D3-BF4B-00C04F79EFBC}") = "L0G1N", "L0G1N\L0G1N.csproj", "{1E5A1464-5C3F-4BF0-A731-9E485AAC22B1}"
EndProject
Global
	GlobalSection(SolutionConfigurationPlatforms) = preSolution
		Debug|Any CPU = Debug|Any CPU
		Release|Any CPU = Release|Any CPU
	EndGlobalSection
	GlobalSection(ProjectConfigurationPlatforms) = postSolution
		{1E5A1464-5C3F-4BF0-A731-9E485AAC22B1}.Debug|Any CPU.ActiveCfg = Debug|Any CPU
		{1E5A1464-5C3F-4BF0-A731-9E485AAC22B1}.Debug|Any CPU.Build.0 = Debug|Any CPU
		{1E5A1464-5C3F-4BF0-A731-9E485AAC22B1}.Release|Any CPU.ActiveCfg = Release|Any CPU
		{1E5A1464-5C3F-4BF0-A731-9E485AAC22B1}.Release|Any CPU.Build.0 = Release|Any CPU
	EndGlobalSection
	GlobalSection(SolutionProperties) = preSolution
		HideSolutionNode = FALSE
	EndGlobalSection
	GlobalSection(ExtensibilityGlobals) = postSolution
		SolutionGuid = {342C305C-6218-4A92-B42E-2F78970E754B}
	EndGlobalSection
EndGlobal
